
Microsoft Visual Studio Solution File, Format Version 12.00
# Visual Studio Version 16
VisualStudioVersion = 16.0.29613.14
MinimumVisualStudioVersion = 10.0.40219.1
Project("{FAE04EC0-301F-11D3-BF4B-00C04F79EFBC}") = "Pong", "Pong\Pong.csproj", "{BCDFD10A-BCBE-4E93-99D9-5D43D0A348EF}"
EndProject
Global
	GlobalSection(SolutionConfigurationPlatforms) = preSolution
		Debug|Any CPU = Debug|Any CPU
		Release|Any CPU = Release|Any CPU
	EndGlobalSection
	GlobalSection(ProjectConfigurationPlatforms) = postSolution
		{BCDFD10A-BCBE-4E93-99D9-5D43D0A348EF}.Debug|Any CPU.ActiveCfg = Debug|Any CPU
		{BCDFD10A-BCBE-4E93-99D9-5D43D0A348EF}.Debug|Any CPU.Build.0 = Debug|Any CPU
		{BCDFD10A-BCBE-4E93-99D9-5D43D0A348EF}.Release|Any CPU.ActiveCfg = Release|Any CPU
		{BCDFD10A-BCBE-4E93-99D9-5D43D0A348EF}.Release|Any CPU.Build.0 = Release|Any CPU
	EndGlobalSection
	GlobalSection(SolutionProperties) = preSolution
		HideSolutionNode = FALSE
	EndGlobalSection
	GlobalSection(ExtensibilityGlobals) = postSolution
		SolutionGuid = {4DFDDF7F-78CE-4E59-B42A-5903D98531B3}
	EndGlobalSection
EndGlobal
